
Microsoft Visual Studio Solution File, Format Version 12.00
# Visual Studio Version 17
VisualStudioVersion = 17.11.35431.28
MinimumVisualStudioVersion = 10.0.40219.1
Project("{FAE04EC0-301F-11D3-BF4B-00C04F79EFBC}") = "GalaxyShooterGame", "GalaxyShooterGame\GalaxyShooterGame.csproj", "{43CFEEA0-B534-48EF-820B-58C6E1A0F20F}"
EndProject
Global
	GlobalSection(SolutionConfigurationPlatforms) = preSolution
		Debug|Any CPU = Debug|Any CPU
		Release|Any CPU = Release|Any CPU
	EndGlobalSection
	GlobalSection(ProjectConfigurationPlatforms) = postSolution
		{43CFEEA0-B534-48EF-820B-58C6E1A0F20F}.Debug|Any CPU.ActiveCfg = Debug|Any CPU
		{43CFEEA0-B534-48EF-820B-58C6E1A0F20F}.Debug|Any CPU.Build.0 = Debug|Any CPU
		{43CFEEA0-B534-48EF-820B-58C6E1A0F20F}.Release|Any CPU.ActiveCfg = Release|Any CPU
		{43CFEEA0-B534-48EF-820B-58C6E1A0F20F}.Release|Any CPU.Build.0 = Release|Any CPU
	EndGlobalSection
	GlobalSection(SolutionProperties) = preSolution
		HideSolutionNode = FALSE
	EndGlobalSection
	GlobalSection(ExtensibilityGlobals) = postSolution
		SolutionGuid = {17F224C7-6C9C-402E-899F-F2CCEEAB72BC}
	EndGlobalSection
EndGlobal
