
Microsoft Visual Studio Solution File, Format Version 12.00
# Visual Studio Version 17
VisualStudioVersion = 17.10.35201.131
MinimumVisualStudioVersion = 10.0.40219.1
Project("{FAE04EC0-301F-11D3-BF4B-00C04F79EFBC}") = "Scientific Calculator", "Scientific Calculator\Scientific Calculator.csproj", "{6EBECB8B-2CDF-49D2-9FFC-622E70D09FFC}"
EndProject
Global
	GlobalSection(SolutionConfigurationPlatforms) = preSolution
		Debug|Any CPU = Debug|Any CPU
		Release|Any CPU = Release|Any CPU
	EndGlobalSection
	GlobalSection(ProjectConfigurationPlatforms) = postSolution
		{6EBECB8B-2CDF-49D2-9FFC-622E70D09FFC}.Debug|Any CPU.ActiveCfg = Debug|Any CPU
		{6EBECB8B-2CDF-49D2-9FFC-622E70D09FFC}.Debug|Any CPU.Build.0 = Debug|Any CPU
		{6EBECB8B-2CDF-49D2-9FFC-622E70D09FFC}.Release|Any CPU.ActiveCfg = Release|Any CPU
		{6EBECB8B-2CDF-49D2-9FFC-622E70D09FFC}.Release|Any CPU.Build.0 = Release|Any CPU
	EndGlobalSection
	GlobalSection(SolutionProperties) = preSolution
		HideSolutionNode = FALSE
	EndGlobalSection
	GlobalSection(ExtensibilityGlobals) = postSolution
		SolutionGuid = {C3EBB407-D2BF-413C-8A5C-6DCAD6706D2A}
	EndGlobalSection
EndGlobal
